# THIS IS AN AUTOGENERATED FILE. DO NOT EDIT THIS FILE DIRECTLY.
assets/app.js.liquid:
  development: 2018-01-18T16:31:45-05:00   9ad318d18569925b7284f9e8f9b6a21b
assets/app.scss.liquid:
  development: 2018-01-19T14:16:46-05:00   a06fb0494152e1568b2c457516edab1d
assets/gift-card.scss.liquid:
  development: 2018-01-11T15:17:06-05:00   4cdecfc631a76786e9ae88e7014c9c03
assets/vendor.js:
  development: 2017-12-06T14:49:38-05:00   b929d7583b29d318388110dbbdae3797
assets/yotpo-ajax.js:
  development: 2018-01-17T10:14:42-05:00   60813fccc90ccf751e89b76cfa0866ae
config/settings_data.json:
  development: 2018-01-15T14:44:39-05:00   6c0a5e84073709e222fbca86c1cbedff
config/settings_schema.json:
  development: 2017-12-19T15:19:03-05:00   b66999018cd16abf89baf807c40f09c1
layout/gift_card.liquid:
  development: 2017-11-21T12:02:09-05:00   d718feaae6730db85bf457386af63830
layout/password.liquid:
  development: 2017-11-21T12:02:09-05:00   5af9811de764f5ae424236992cbcf3a5
layout/theme.liquid:
  development: 2018-01-07T23:35:48-05:00   cfb601df941a476d1a9b61abab32de5f
locales/en.default.json:
  development: 2018-01-12T11:26:34-05:00   dd0dda50bd97bccc3346fd6d50cd2062
sections/account.liquid:
  development: 2017-12-21T20:17:16-05:00   9fbdf49cd6482d6d52022569345e8051
sections/blog-section-slider.liquid:
  development: 2017-12-20T16:55:23-05:00   9631752d48f61a550c55b8c61dc907a5
sections/collection.liquid:
  development: 2017-12-20T13:59:39-05:00   4114e64ed434750a258c1c11b03eaaf3
sections/hero-slider.liquid:
  development: 2018-01-11T15:12:41-05:00   479726041aff4bfb4811a9db3c258831
sections/index-articles.liquid:
  development: 2017-11-29T14:28:23-05:00   027c82e5a92d8c0d96483a895bfa1c16
sections/index-collections.liquid:
  development: 2017-11-21T12:02:07-05:00   6e90254098b104e162204dfab6c787c4
sections/index-products.liquid:
  development: 2017-11-21T12:02:07-05:00   938818c7010dd9c565220ebf5d5b227f
sections/list-collections.liquid:
  development: 2017-12-22T09:49:37-05:00   c06c2378f45c442ee40b2d601b617a08
sections/login-register.liquid:
  development: 2017-12-14T10:42:51-05:00   e4a43a347cf38cb9b16f9c24f461d616
sections/page-about.liquid:
  development: 2017-12-12T15:38:18-05:00   43bb8f85d7f9d6e5889b8bb58723ef9e
sections/page-contact.liquid:
  development: 2017-12-12T12:35:35-05:00   9cdf3c84bee85fb8bf3deb3a7d99c721
sections/page-review.liquid:
  development: 2018-01-08T16:35:03-05:00   400abc9f527148855f67e7bdfb893210
sections/page-support.liquid:
  development: 2018-01-15T10:30:26-05:00   544151255b280641abb3575a5e57eacb
sections/password-content.liquid:
  development: 2017-11-21T12:02:07-05:00   ba82fbf3abf9a6c1c93cf9531592aaf9
sections/password-footer.liquid:
  development: 2017-11-21T12:02:07-05:00   a8528b8d80bc8407b28be91abe93b369
sections/password-header.liquid:
  development: 2017-11-21T12:02:07-05:00   1fb29ff881e22227ae0b60d0f200b312
sections/shop-tiles.liquid:
  development: 2017-12-15T14:24:57-05:00   e6df94c9d2b4ddac8f0cb1a53b4dbe66
sections/support-accordion.liquid:
  development: 2018-01-15T11:06:13-05:00   e953003641329284eecd165ad51effe0
sections/template-product.liquid:
  development: 2018-01-19T10:38:54-05:00   6dbbc6a544accf8676ac9fb1708d7997
sections/theme-footer.liquid:
  development: 2018-01-19T10:02:09-05:00   7fa1900596cf8c2a25fb4423cc2f7ab0
sections/theme-header.liquid:
  development: 2017-12-30T00:19:57-05:00   62b9614546f99743c466918e11ac4862
sections/yotpo-social-media.liquid:
  development: 2018-01-03T15:33:14-05:00   9e983cecbffd9da4759b15c296c26c49
sections/yotpo-widget-homepage.liquid:
  development: 2018-01-03T12:27:38-05:00   94895b2123df2fb9dcfb6b7151401ac3
snippets/account-sidebar.liquid:
  development: 2017-12-15T15:03:33-05:00   5e5873ff2c9c4d0b7a13d066dff7a17d
snippets/blog-sidebar.liquid:
  development: 2017-11-21T12:02:09-05:00   15ea3af90cdf3512bfb1ea9fdd9be95a
snippets/collection-product.liquid:
  development: 2018-01-19T12:18:36-05:00   4bc3dd44e0303afd22d9c3aadb5c88a0
snippets/collection-view.liquid:
  development: 2017-11-21T12:02:09-05:00   98fc78c3c420e389f566d036583fcd6a
snippets/faq-section.liquid:
  development: 2017-12-21T14:11:36-05:00   e0ba347fd07b17838167e931eb9539aa
snippets/featured-product.liquid:
  development: 2018-01-11T15:52:13-05:00   7853d5a99737917a71536a29fb71d2c7
snippets/form-login.liquid:
  development: 2017-12-14T11:26:58-05:00   ff12373a956a248661b8d441bb670243
snippets/form-recover-password.liquid:
  development: 2017-12-15T10:26:39-05:00   3870726e5cc8c27ba27d89261ef1c265
snippets/form-register.liquid:
  development: 2017-12-14T11:29:09-05:00   3890f8a9cca4b0da8f9e9935cfa73c71
snippets/form-search-articles.liquid:
  development: 2017-12-13T09:56:06-05:00   aae1135485863c9d0ad293b3c601536f
snippets/form-search.liquid:
  development: 2017-12-13T09:40:52-05:00   e3ff48fa3e59351c102c1e6f368e3e9d
snippets/header-menu.liquid:
  development: 2018-01-18T15:38:20-05:00   fc713adde9d4c9af0eded08fef05eb3b
snippets/howto-section.liquid:
  development: 2017-12-21T14:16:12-05:00   26cb55581bf088ccb557348451995e35
snippets/icon.liquid:
  development: 2017-12-05T12:55:22-05:00   21adcf66bf3abf5dc61d929b549946b0
snippets/meta-favorites.liquid:
  development: 2017-11-21T12:02:09-05:00   0ff5417776ea1dbdab73994e4576f261
snippets/meta-hreflang.liquid:
  development: 2017-11-21T12:02:09-05:00   79c23ae3bb01e1a84cb0d408a7bba89d
snippets/meta-social-tags.liquid:
  development: 2017-11-21T12:02:09-05:00   e7c97d7cb76c7925dd144dfb7b188cac
snippets/meta-title.liquid:
  development: 2017-11-21T12:02:10-05:00   16a8a74244e92ee3c1c404b07246da68
snippets/mobile-header.liquid:
  development: 2017-12-20T10:36:51-05:00   1104bb3e67cbd4a9cad5a0ba5efefefd
snippets/no-blocks.liquid:
  development: 2017-11-21T12:02:10-05:00   0cb7d758b6df0feb07ae5804b4b627fa
snippets/pagination.liquid:
  development: 2017-11-21T12:02:10-05:00   d4a467973d86f8663428ddaaaf035d12
snippets/payment-gateways.liquid:
  development: 2017-12-04T11:54:19-05:00   f41c968174b9d52d009d3dc9699eb9fe
snippets/popup-address.liquid:
  development: 2017-12-15T11:31:48-05:00   b67f37cff4ac46cf94fa346a76bf35ef
snippets/popup-cart.liquid:
  development: 2018-01-17T10:36:43-05:00   468e077a5ca89ae5da54fbb7e460fc77
snippets/popup-error.liquid:
  development: 2017-11-21T12:02:10-05:00   6ff9fd6042c6b609279727bb88e61084
snippets/product-quick-add.liquid:
  development: 2018-01-12T09:31:48-05:00   998e4864f14c52e6ee86309dbd75c3ff
snippets/section-subscribe-form.liquid:
  development: 2017-11-21T12:02:10-05:00   52728eab1d83f03081f5c6bde3f9df99
snippets/ship-timer.liquid:
  development: 2018-01-18T14:57:11-05:00   6839c78acef3962cf297c1a707cacc70
snippets/social-links.liquid:
  development: 2017-12-20T09:27:02-05:00   ce072b71e934107725ba5a0eb14ffda4
snippets/social-sharing.liquid:
  development: 2017-12-05T11:41:07-05:00   0efacff3ea31fa2b377b8279c6b38c8d
snippets/support-mobile.liquid:
  development: 2017-12-21T16:02:40-05:00   97e9a3555b6496b4ef1c32aa232fb1c9
snippets/support-sidebar.liquid:
  development: 2018-01-15T11:12:35-05:00   155aebabb59e7fe39842e8ba179ec2be
snippets/theme-breadcrumbs.liquid:
  development: 2017-12-04T15:51:13-05:00   f9b80932bffece33cb6783c65fa44969
snippets/theme-nav-main.liquid:
  development: 2017-11-21T12:02:10-05:00   a87e341469e69a0fc1a8e1082fa0f2b9
snippets/theme-nav-toggled.liquid:
  development: 2017-11-21T12:02:10-05:00   61c0e8ccb39ef666a5dab4351ed90bf0
snippets/yotpo-social-media.liquid:
  development: 2018-01-03T15:41:49-05:00   574747260346b140906bd6f4cd073306
snippets/yotpo-widget.liquid:
  development: 2018-01-08T11:38:19-05:00   1082542a7e915f0969b7e112ac108c5b
templates/404.liquid:
  development: 2017-11-21T12:02:10-05:00   66c27abd283763050489568b6582d9fa
templates/article.how-to.liquid:
  development: 2018-01-19T13:07:41-05:00   c9f2f078eeb41b36d69c535829edfb0a
templates/article.liquid:
  development: 2018-01-19T13:07:22-05:00   3b7967d62e6bf8d129d6be6b4da474de
templates/article.support.liquid:
  development: 2018-01-18T15:49:17-05:00   6dbfc59ecf2e730dea1094a9d9ec79bf
templates/blog.grid.liquid:
  development: 2017-11-21T12:02:10-05:00   781ed27acc387e8d1dfb91cb06889f32
templates/blog.liquid:
  development: 2017-12-20T16:06:31-05:00   09c33f5b09f124ab3ff776df926c6c69
templates/cart.liquid:
  development: 2017-12-14T21:51:31-05:00   3f35282c6f7e23da9ba8fdd2b442647f
templates/collection.24.liquid:
  development: 2017-11-21T12:02:10-05:00   f1f9006405743ca09ff84c8bddf7e8be
templates/collection.48.liquid:
  development: 2017-11-21T12:02:10-05:00   ecb643534c3137b0745efd76db25126c
templates/collection.liquid:
  development: 2017-12-07T12:39:46-05:00   7ce266e4a7bce1659eb0602493f34730
templates/customers/account.liquid:
  development: 2017-12-14T16:32:15-05:00   5047e8e622e3f27198fddf56618519c6
templates/customers/activate_account.liquid:
  development: 2017-11-21T12:02:10-05:00   84f6b20ce37b721c7c7de7a009b0d382
templates/customers/addresses.liquid:
  development: 2017-12-14T19:54:51-05:00   f9d7b513a54d88158285733835d1c65f
templates/customers/login.liquid:
  development: 2017-12-14T10:30:35-05:00   73000b05d05982137a8d6bec7d7e64c6
templates/customers/login.recover.liquid:
  development: 2017-12-15T10:13:10-05:00   ae21575706e72a038703c536e892e8be
templates/customers/order.liquid:
  development: 2017-12-21T17:15:07-05:00   16cbf84adc228b061046f4546b9df64f
templates/customers/register.liquid:
  development: 2017-11-21T12:02:11-05:00   119fcbad84f4f89943a76e3107879d3a
templates/customers/reset_password.liquid:
  development: 2017-12-15T12:23:43-05:00   491b2e3518a83811731375f77ce756f9
templates/gift_card.liquid:
  development: 2017-11-21T12:02:11-05:00   f61e2011563bbcc40f5cce50073693ab
templates/index.liquid:
  development: 2017-11-21T12:02:11-05:00   56b51b6f96394db4b17c64b43e1c0010
templates/list-collections.liquid:
  development: 2017-12-08T09:47:21-05:00   cdde62b0cf6a418c2f32397471a00eac
templates/page.about.liquid:
  development: 2017-12-12T11:05:26-05:00   562b5262f3464ec731a1621f0533c501
templates/page.contact.liquid:
  development: 2017-12-11T16:30:52-05:00   ff78c3b8e996551b1b5d9c9d9f59f2fe
templates/page.liquid:
  development: 2017-11-21T12:02:11-05:00   1a148fde2f391d87e93722c208951b35
templates/page.review.liquid:
  development: 2018-01-04T21:02:58-05:00   0208a02276b57c7b2a5e94b8a1f040a3
templates/page.support.liquid:
  development: 2017-12-12T16:17:37-05:00   5ee9cee2178d7af7dc2f7c7a9a29c0ea
templates/password.liquid:
  development: 2017-11-21T12:02:11-05:00   beada59af22e31c0888c15b278fb9efa
templates/product.liquid:
  development: 2018-01-02T11:53:03-05:00   cd91c8714752955fe27cefc20abb8e8b
templates/search.liquid:
  development: 2017-12-14T16:12:39-05:00   e6d5cb87d99db76e95b6f7d8d13698d8
